
Microsoft Visual Studio Solution File, Format Version 12.00
# Visual Studio Version 17
VisualStudioVersion = 17.6.33723.286
MinimumVisualStudioVersion = 10.0.40219.1
Project("{FAE04EC0-301F-11D3-BF4B-00C04F79EFBC}") = "Unit Converter", "Unit Converter\Unit Converter.csproj", "{A1EABE9C-E1FF-449F-A9D5-80F3EBD13D95}"
EndProject
Global
	GlobalSection(SolutionConfigurationPlatforms) = preSolution
		Debug|Any CPU = Debug|Any CPU
		Release|Any CPU = Release|Any CPU
	EndGlobalSection
	GlobalSection(ProjectConfigurationPlatforms) = postSolution
		{A1EABE9C-E1FF-449F-A9D5-80F3EBD13D95}.Debug|Any CPU.ActiveCfg = Debug|Any CPU
		{A1EABE9C-E1FF-449F-A9D5-80F3EBD13D95}.Debug|Any CPU.Build.0 = Debug|Any CPU
		{A1EABE9C-E1FF-449F-A9D5-80F3EBD13D95}.Release|Any CPU.ActiveCfg = Release|Any CPU
		{A1EABE9C-E1FF-449F-A9D5-80F3EBD13D95}.Release|Any CPU.Build.0 = Release|Any CPU
	EndGlobalSection
	GlobalSection(SolutionProperties) = preSolution
		HideSolutionNode = FALSE
	EndGlobalSection
	GlobalSection(ExtensibilityGlobals) = postSolution
		SolutionGuid = {36CEA6DC-91F5-44D8-BD4C-A608560D0C57}
	EndGlobalSection
EndGlobal
